// !$*UTF8*$!
{
	archiveVersion = 1;
	classes = {
	};
	objectVersion = 56;
	objects = {

/* Begin PBXBuildFile section */
		1DF8435D81666F48C43C1934 /* AddGoalView.swift in Sources */ = {isa = PBXBuildFile; fileRef = 1DF849D1F2DD7BCA7A259013 /* AddGoalView.swift */; };
		1DF8440D9B69D234B907431F /* GoalsView.swift in Sources */ = {isa = PBXBuildFile; fileRef = 1DF84010599F39BB56AFC724 /* GoalsView.swift */; };
		1DF844B893E7FFF6820F1D76 /* RegisterView.swift in Sources */ = {isa = PBXBuildFile; fileRef = 1DF8433BA9FC308BA5F59DD1 /* RegisterView.swift */; };
		1DF846938FCC7277A00DE7A1 /* Goal.swift in Sources */ = {isa = PBXBuildFile; fileRef = 1DF847B4E52DB138C457A055 /* Goal.swift */; };
		1DF8475A7364F09912A50B67 /* BottomSheetView.swift in Sources */ = {isa = PBXBuildFile; fileRef = 1DF84AB12B3FA50BDFE78550 /* BottomSheetView.swift */; };
		1DF8478F3B13ED6A43B6D94C /* ProfileView.swift in Sources */ = {isa = PBXBuildFile; fileRef = 1DF84B5E7435842339BCAB08 /* ProfileView.swift */; };
		1DF847D34A24B5684AAA29BB /* ApiRoutes.swift in Sources */ = {isa = PBXBuildFile; fileRef = 1DF84A15E5213D5D64600A6B /* ApiRoutes.swift */; };
		1DF8480567CB862727D7B516 /* BestQuotesView.swift in Sources */ = {isa = PBXBuildFile; fileRef = 1DF84BD5C056F11E1199D99E /* BestQuotesView.swift */; };
		1DF8482B3FA585A64FABE63F /* MyFavoriteStoriesView.swift in Sources */ = {isa = PBXBuildFile; fileRef = 1DF84EB0CB37508883C1B94C /* MyFavoriteStoriesView.swift */; };
		1DF8492ADCD71836A582520B /* ApiClient.swift in Sources */ = {isa = PBXBuildFile; fileRef = 1DF84B87F2939E989446738E /* ApiClient.swift */; };
		1DF8498D1FF02CE009968957 /* MyFavoriteQuotesView.swift in Sources */ = {isa = PBXBuildFile; fileRef = 1DF842BBF9D84829AFF70970 /* MyFavoriteQuotesView.swift */; };
		1DF84A6CF5D8ECE834015812 /* CustomTextField.swift in Sources */ = {isa = PBXBuildFile; fileRef = 1DF843F4381AD4B378C4D0A7 /* CustomTextField.swift */; };
		1DF84B68D42CD357A999BEC5 /* GoalsStore.swift in Sources */ = {isa = PBXBuildFile; fileRef = 1DF8496F2F4C6282906BDAD8 /* GoalsStore.swift */; };
		1DF84CE214C9B292ACE07A89 /* Quote.swift in Sources */ = {isa = PBXBuildFile; fileRef = 1DF8469F9E4A9EA3C3562FD4 /* Quote.swift */; };
		1DF84F3AFD58AE0C7E8F452A /* FavoriteQuotesStore.swift in Sources */ = {isa = PBXBuildFile; fileRef = 1DF8470AB8E0ED737931AF7F /* FavoriteQuotesStore.swift */; };
		37450B5D0256057D941851CD /* Pods_motivation.framework in Frameworks */ = {isa = PBXBuildFile; fileRef = C8ACA3E4D242259D043884E6 /* Pods_motivation.framework */; };
		8009188A2A4C8D4A00E500F3 /* LoginView.swift in Sources */ = {isa = PBXBuildFile; fileRef = 800918892A4C8D4A00E500F3 /* LoginView.swift */; };
		8009188C2A4C8F8800E500F3 /* AuthFunctions.swift in Sources */ = {isa = PBXBuildFile; fileRef = 8009188B2A4C8F8800E500F3 /* AuthFunctions.swift */; };
		8009188F2A4C93B400E500F3 /* Toast.swift in Sources */ = {isa = PBXBuildFile; fileRef = 8009188E2A4C93B400E500F3 /* Toast.swift */; };
		802C64B52A56C62E00655E0F /* ActionButton in Frameworks */ = {isa = PBXBuildFile; productRef = 802C64B42A56C62E00655E0F /* ActionButton */; };
		806D6DF82A49B0D300822A2C /* motivationApp.swift in Sources */ = {isa = PBXBuildFile; fileRef = 806D6DF72A49B0D300822A2C /* motivationApp.swift */; };
		806D6DFA2A49B0D300822A2C /* ContentView.swift in Sources */ = {isa = PBXBuildFile; fileRef = 806D6DF92A49B0D300822A2C /* ContentView.swift */; };
		806D6DFC2A49B0D400822A2C /* Assets.xcassets in Resources */ = {isa = PBXBuildFile; fileRef = 806D6DFB2A49B0D400822A2C /* Assets.xcassets */; };
		806D6DFF2A49B0D400822A2C /* Preview Assets.xcassets in Resources */ = {isa = PBXBuildFile; fileRef = 806D6DFE2A49B0D400822A2C /* Preview Assets.xcassets */; };
		806D6E092A49B0D500822A2C /* motivationTests.swift in Sources */ = {isa = PBXBuildFile; fileRef = 806D6E082A49B0D500822A2C /* motivationTests.swift */; };
		806D6E132A49B0D500822A2C /* motivationUITests.swift in Sources */ = {isa = PBXBuildFile; fileRef = 806D6E122A49B0D500822A2C /* motivationUITests.swift */; };
		806D6E152A49B0D500822A2C /* motivationUITestsLaunchTests.swift in Sources */ = {isa = PBXBuildFile; fileRef = 806D6E142A49B0D500822A2C /* motivationUITestsLaunchTests.swift */; };
		DEAA0F08C1D5FF6CDDF186CF /* Pods_motivation_motivationUITests.framework in Frameworks */ = {isa = PBXBuildFile; fileRef = 93743B22C2EE7605A6F3685E /* Pods_motivation_motivationUITests.framework */; };
		E7058E538EFBE2245BA6B797 /* Pods_motivationTests.framework in Frameworks */ = {isa = PBXBuildFile; fileRef = A319882288209AF6CEA6F8CA /* Pods_motivationTests.framework */; };
/* End PBXBuildFile section */

/* Begin PBXContainerItemProxy section */
		806D6E052A49B0D500822A2C /* PBXContainerItemProxy */ = {
			isa = PBXContainerItemProxy;
			containerPortal = 806D6DEC2A49B0D300822A2C /* Project object */;
			proxyType = 1;
			remoteGlobalIDString = 806D6DF32A49B0D300822A2C;
			remoteInfo = motivation;
		};
		806D6E0F2A49B0D500822A2C /* PBXContainerItemProxy */ = {
			isa = PBXContainerItemProxy;
			containerPortal = 806D6DEC2A49B0D300822A2C /* Project object */;
			proxyType = 1;
			remoteGlobalIDString = 806D6DF32A49B0D300822A2C;
			remoteInfo = motivation;
		};
/* End PBXContainerItemProxy section */

/* Begin PBXCopyFilesBuildPhase section */
		80A8B5712A542152008B9FD0 /* Embed Foundation Extensions */ = {
			isa = PBXCopyFilesBuildPhase;
			buildActionMask = 2147483647;
			dstPath = "";
			dstSubfolderSpec = 13;
			files = (
			);
			name = "Embed Foundation Extensions";
			runOnlyForDeploymentPostprocessing = 0;
		};
/* End PBXCopyFilesBuildPhase section */

/* Begin PBXFileReference section */
		1DF84010599F39BB56AFC724 /* GoalsView.swift */ = {isa = PBXFileReference; fileEncoding = 4; lastKnownFileType = sourcecode.swift; path = GoalsView.swift; sourceTree = "<group>"; };
		1DF842BBF9D84829AFF70970 /* MyFavoriteQuotesView.swift */ = {isa = PBXFileReference; fileEncoding = 4; lastKnownFileType = sourcecode.swift; path = MyFavoriteQuotesView.swift; sourceTree = "<group>"; };
		1DF8433BA9FC308BA5F59DD1 /* RegisterView.swift */ = {isa = PBXFileReference; fileEncoding = 4; lastKnownFileType = sourcecode.swift; path = RegisterView.swift; sourceTree = "<group>"; };
		1DF843F4381AD4B378C4D0A7 /* CustomTextField.swift */ = {isa = PBXFileReference; fileEncoding = 4; lastKnownFileType = sourcecode.swift; path = CustomTextField.swift; sourceTree = "<group>"; };
		1DF8469F9E4A9EA3C3562FD4 /* Quote.swift */ = {isa = PBXFileReference; fileEncoding = 4; lastKnownFileType = sourcecode.swift; path = Quote.swift; sourceTree = "<group>"; };
		1DF8470AB8E0ED737931AF7F /* FavoriteQuotesStore.swift */ = {isa = PBXFileReference; fileEncoding = 4; lastKnownFileType = sourcecode.swift; path = FavoriteQuotesStore.swift; sourceTree = "<group>"; };
		1DF847B4E52DB138C457A055 /* Goal.swift */ = {isa = PBXFileReference; fileEncoding = 4; lastKnownFileType = sourcecode.swift; path = Goal.swift; sourceTree = "<group>"; };
		1DF8496F2F4C6282906BDAD8 /* GoalsStore.swift */ = {isa = PBXFileReference; fileEncoding = 4; lastKnownFileType = sourcecode.swift; path = GoalsStore.swift; sourceTree = "<group>"; };
		1DF849D1F2DD7BCA7A259013 /* AddGoalView.swift */ = {isa = PBXFileReference; fileEncoding = 4; lastKnownFileType = sourcecode.swift; path = AddGoalView.swift; sourceTree = "<group>"; };
		1DF84A15E5213D5D64600A6B /* ApiRoutes.swift */ = {isa = PBXFileReference; fileEncoding = 4; lastKnownFileType = sourcecode.swift; path = ApiRoutes.swift; sourceTree = "<group>"; };
		1DF84AB12B3FA50BDFE78550 /* BottomSheetView.swift */ = {isa = PBXFileReference; fileEncoding = 4; lastKnownFileType = sourcecode.swift; path = BottomSheetView.swift; sourceTree = "<group>"; };
		1DF84B5E7435842339BCAB08 /* ProfileView.swift */ = {isa = PBXFileReference; fileEncoding = 4; lastKnownFileType = sourcecode.swift; path = ProfileView.swift; sourceTree = "<group>"; };
		1DF84B87F2939E989446738E /* ApiClient.swift */ = {isa = PBXFileReference; fileEncoding = 4; lastKnownFileType = sourcecode.swift; path = ApiClient.swift; sourceTree = "<group>"; };
		1DF84BD5C056F11E1199D99E /* BestQuotesView.swift */ = {isa = PBXFileReference; fileEncoding = 4; lastKnownFileType = sourcecode.swift; path = BestQuotesView.swift; sourceTree = "<group>"; };
		1DF84EB0CB37508883C1B94C /* MyFavoriteStoriesView.swift */ = {isa = PBXFileReference; fileEncoding = 4; lastKnownFileType = sourcecode.swift; path = MyFavoriteStoriesView.swift; sourceTree = "<group>"; };
		800918892A4C8D4A00E500F3 /* LoginView.swift */ = {isa = PBXFileReference; lastKnownFileType = sourcecode.swift; name = LoginView.swift; path = motivation/app/auth/LoginView.swift; sourceTree = SOURCE_ROOT; };
		8009188B2A4C8F8800E500F3 /* AuthFunctions.swift */ = {isa = PBXFileReference; lastKnownFileType = sourcecode.swift; name = AuthFunctions.swift; path = motivation/app/auth/AuthFunctions.swift; sourceTree = SOURCE_ROOT; };
		8009188E2A4C93B400E500F3 /* Toast.swift */ = {isa = PBXFileReference; lastKnownFileType = sourcecode.swift; path = Toast.swift; sourceTree = "<group>"; };
		806D6DF42A49B0D300822A2C /* motivation.app */ = {isa = PBXFileReference; explicitFileType = wrapper.application; includeInIndex = 0; path = motivation.app; sourceTree = BUILT_PRODUCTS_DIR; };
		806D6DF72A49B0D300822A2C /* motivationApp.swift */ = {isa = PBXFileReference; lastKnownFileType = sourcecode.swift; path = motivationApp.swift; sourceTree = "<group>"; };
		806D6DF92A49B0D300822A2C /* ContentView.swift */ = {isa = PBXFileReference; lastKnownFileType = sourcecode.swift; path = ContentView.swift; sourceTree = "<group>"; };
		806D6DFB2A49B0D400822A2C /* Assets.xcassets */ = {isa = PBXFileReference; lastKnownFileType = folder.assetcatalog; path = Assets.xcassets; sourceTree = "<group>"; };
		806D6DFE2A49B0D400822A2C /* Preview Assets.xcassets */ = {isa = PBXFileReference; lastKnownFileType = folder.assetcatalog; path = "Preview Assets.xcassets"; sourceTree = "<group>"; };
		806D6E042A49B0D500822A2C /* motivationTests.xctest */ = {isa = PBXFileReference; explicitFileType = wrapper.cfbundle; includeInIndex = 0; path = motivationTests.xctest; sourceTree = BUILT_PRODUCTS_DIR; };
		806D6E082A49B0D500822A2C /* motivationTests.swift */ = {isa = PBXFileReference; lastKnownFileType = sourcecode.swift; path = motivationTests.swift; sourceTree = "<group>"; };
		806D6E0E2A49B0D500822A2C /* motivationUITests.xctest */ = {isa = PBXFileReference; explicitFileType = wrapper.cfbundle; includeInIndex = 0; path = motivationUITests.xctest; sourceTree = BUILT_PRODUCTS_DIR; };
		806D6E122A49B0D500822A2C /* motivationUITests.swift */ = {isa = PBXFileReference; lastKnownFileType = sourcecode.swift; path = motivationUITests.swift; sourceTree = "<group>"; };
		806D6E142A49B0D500822A2C /* motivationUITestsLaunchTests.swift */ = {isa = PBXFileReference; lastKnownFileType = sourcecode.swift; path = motivationUITestsLaunchTests.swift; sourceTree = "<group>"; };
		80A8B5672A542152008B9FD0 /* NetworkExtension.framework */ = {isa = PBXFileReference; lastKnownFileType = wrapper.framework; name = NetworkExtension.framework; path = System/Library/Frameworks/NetworkExtension.framework; sourceTree = SDKROOT; };
		80A8B56A2A542152008B9FD0 /* AppProxyProvider.swift */ = {isa = PBXFileReference; lastKnownFileType = sourcecode.swift; path = AppProxyProvider.swift; sourceTree = "<group>"; };
		80A8B56C2A542152008B9FD0 /* Info.plist */ = {isa = PBXFileReference; lastKnownFileType = text.plist.xml; path = Info.plist; sourceTree = "<group>"; };
		80A8B56D2A542152008B9FD0 /* Net.entitlements */ = {isa = PBXFileReference; lastKnownFileType = text.plist.entitlements; path = Net.entitlements; sourceTree = "<group>"; };
		8653EC2ADD1D8D4DF2F39321 /* Pods-motivation-motivationUITests.debug.xcconfig */ = {isa = PBXFileReference; includeInIndex = 1; lastKnownFileType = text.xcconfig; name = "Pods-motivation-motivationUITests.debug.xcconfig"; path = "Target Support Files/Pods-motivation-motivationUITests/Pods-motivation-motivationUITests.debug.xcconfig"; sourceTree = "<group>"; };
		8BDE815CAC19702349AD292D /* Pods-motivationTests.debug.xcconfig */ = {isa = PBXFileReference; includeInIndex = 1; lastKnownFileType = text.xcconfig; name = "Pods-motivationTests.debug.xcconfig"; path = "Target Support Files/Pods-motivationTests/Pods-motivationTests.debug.xcconfig"; sourceTree = "<group>"; };
		93743B22C2EE7605A6F3685E /* Pods_motivation_motivationUITests.framework */ = {isa = PBXFileReference; explicitFileType = wrapper.framework; includeInIndex = 0; path = Pods_motivation_motivationUITests.framework; sourceTree = BUILT_PRODUCTS_DIR; };
		9CB6DBF3044E7A23C889116B /* Pods-motivation.debug.xcconfig */ = {isa = PBXFileReference; includeInIndex = 1; lastKnownFileType = text.xcconfig; name = "Pods-motivation.debug.xcconfig"; path = "Target Support Files/Pods-motivation/Pods-motivation.debug.xcconfig"; sourceTree = "<group>"; };
		A319882288209AF6CEA6F8CA /* Pods_motivationTests.framework */ = {isa = PBXFileReference; explicitFileType = wrapper.framework; includeInIndex = 0; path = Pods_motivationTests.framework; sourceTree = BUILT_PRODUCTS_DIR; };
		B026E816B591FD6DF7668196 /* Pods-motivation.release.xcconfig */ = {isa = PBXFileReference; includeInIndex = 1; lastKnownFileType = text.xcconfig; name = "Pods-motivation.release.xcconfig"; path = "Target Support Files/Pods-motivation/Pods-motivation.release.xcconfig"; sourceTree = "<group>"; };
		C8ACA3E4D242259D043884E6 /* Pods_motivation.framework */ = {isa = PBXFileReference; explicitFileType = wrapper.framework; includeInIndex = 0; path = Pods_motivation.framework; sourceTree = BUILT_PRODUCTS_DIR; };
		EA9D7FD706B965E66C23A09F /* Pods-motivationTests.release.xcconfig */ = {isa = PBXFileReference; includeInIndex = 1; lastKnownFileType = text.xcconfig; name = "Pods-motivationTests.release.xcconfig"; path = "Target Support Files/Pods-motivationTests/Pods-motivationTests.release.xcconfig"; sourceTree = "<group>"; };
		FF8A272C34167A316CD2FDE2 /* Pods-motivation-motivationUITests.release.xcconfig */ = {isa = PBXFileReference; includeInIndex = 1; lastKnownFileType = text.xcconfig; name = "Pods-motivation-motivationUITests.release.xcconfig"; path = "Target Support Files/Pods-motivation-motivationUITests/Pods-motivation-motivationUITests.release.xcconfig"; sourceTree = "<group>"; };
/* End PBXFileReference section */

/* Begin PBXFrameworksBuildPhase section */
		806D6DF12A49B0D300822A2C /* Frameworks */ = {
			isa = PBXFrameworksBuildPhase;
			buildActionMask = 2147483647;
			files = (
				802C64B52A56C62E00655E0F /* ActionButton in Frameworks */,
				37450B5D0256057D941851CD /* Pods_motivation.framework in Frameworks */,
			);
			runOnlyForDeploymentPostprocessing = 0;
		};
		806D6E012A49B0D500822A2C /* Frameworks */ = {
			isa = PBXFrameworksBuildPhase;
			buildActionMask = 2147483647;
			files = (
				E7058E538EFBE2245BA6B797 /* Pods_motivationTests.framework in Frameworks */,
			);
			runOnlyForDeploymentPostprocessing = 0;
		};
		806D6E0B2A49B0D500822A2C /* Frameworks */ = {
			isa = PBXFrameworksBuildPhase;
			buildActionMask = 2147483647;
			files = (
				DEAA0F08C1D5FF6CDDF186CF /* Pods_motivation_motivationUITests.framework in Frameworks */,
			);
			runOnlyForDeploymentPostprocessing = 0;
		};
/* End PBXFrameworksBuildPhase section */

/* Begin PBXGroup section */
		1DF8440E83C227C66E776A8B /* models */ = {
			isa = PBXGroup;
			children = (
				1DF8469F9E4A9EA3C3562FD4 /* Quote.swift */,
				1DF847B4E52DB138C457A055 /* Goal.swift */,
			);
			path = models;
			sourceTree = "<group>";
		};
		1DF8476A25D2B1D77F8637A0 /* stores */ = {
			isa = PBXGroup;
			children = (
				1DF8470AB8E0ED737931AF7F /* FavoriteQuotesStore.swift */,
				1DF8496F2F4C6282906BDAD8 /* GoalsStore.swift */,
			);
			path = stores;
			sourceTree = "<group>";
		};
		1DF84DFE3DCD616C46FB8978 /* views */ = {
			isa = PBXGroup;
			children = (
				1DF84B5E7435842339BCAB08 /* ProfileView.swift */,
				1DF84BD5C056F11E1199D99E /* BestQuotesView.swift */,
				1DF842BBF9D84829AFF70970 /* MyFavoriteQuotesView.swift */,
				1DF84EB0CB37508883C1B94C /* MyFavoriteStoriesView.swift */,
				1DF84AB12B3FA50BDFE78550 /* BottomSheetView.swift */,
				1DF84010599F39BB56AFC724 /* GoalsView.swift */,
				1DF849D1F2DD7BCA7A259013 /* AddGoalView.swift */,
			);
			path = views;
			sourceTree = "<group>";
		};
		800918832A4C8C3200E500F3 /* app */ = {
			isa = PBXGroup;
			children = (
				800918842A4C8C4100E500F3 /* auth */,
				1DF84DFE3DCD616C46FB8978 /* views */,
				1DF8440E83C227C66E776A8B /* models */,
				1DF8476A25D2B1D77F8637A0 /* stores */,
			);
			path = app;
			sourceTree = "<group>";
		};
		800918842A4C8C4100E500F3 /* auth */ = {
			isa = PBXGroup;
			children = (
				800918892A4C8D4A00E500F3 /* LoginView.swift */,
				8009188B2A4C8F8800E500F3 /* AuthFunctions.swift */,
				1DF8433BA9FC308BA5F59DD1 /* RegisterView.swift */,
			);
			path = auth;
			sourceTree = "<group>";
		};
		8009188D2A4C939D00E500F3 /* components */ = {
			isa = PBXGroup;
			children = (
				8009188E2A4C93B400E500F3 /* Toast.swift */,
				1DF84A15E5213D5D64600A6B /* ApiRoutes.swift */,
				1DF84B87F2939E989446738E /* ApiClient.swift */,
				1DF843F4381AD4B378C4D0A7 /* CustomTextField.swift */,
			);
			path = components;
			sourceTree = "<group>";
		};
		806D6DEB2A49B0D300822A2C = {
			isa = PBXGroup;
			children = (
				806D6DF62A49B0D300822A2C /* motivation */,
				806D6E072A49B0D500822A2C /* motivationTests */,
				806D6E112A49B0D500822A2C /* motivationUITests */,
				80A8B5692A542152008B9FD0 /* Net */,
				806D6DF52A49B0D300822A2C /* Products */,
				D1F618D0E5D21CD04A60F2F4 /* Pods */,
				D651A1FAE21BFBDC198A8F6C /* Frameworks */,
			);
			sourceTree = "<group>";
		};
		806D6DF52A49B0D300822A2C /* Products */ = {
			isa = PBXGroup;
			children = (
				806D6DF42A49B0D300822A2C /* motivation.app */,
				806D6E042A49B0D500822A2C /* motivationTests.xctest */,
				806D6E0E2A49B0D500822A2C /* motivationUITests.xctest */,
			);
			name = Products;
			sourceTree = "<group>";
		};
		806D6DF62A49B0D300822A2C /* motivation */ = {
			isa = PBXGroup;
			children = (
				8009188D2A4C939D00E500F3 /* components */,
				800918832A4C8C3200E500F3 /* app */,
				806D6DF72A49B0D300822A2C /* motivationApp.swift */,
				806D6DF92A49B0D300822A2C /* ContentView.swift */,
				806D6DFB2A49B0D400822A2C /* Assets.xcassets */,
				806D6DFD2A49B0D400822A2C /* Preview Content */,
			);
			path = motivation;
			sourceTree = "<group>";
		};
		806D6DFD2A49B0D400822A2C /* Preview Content */ = {
			isa = PBXGroup;
			children = (
				806D6DFE2A49B0D400822A2C /* Preview Assets.xcassets */,
			);
			path = "Preview Content";
			sourceTree = "<group>";
		};
		806D6E072A49B0D500822A2C /* motivationTests */ = {
			isa = PBXGroup;
			children = (
				806D6E082A49B0D500822A2C /* motivationTests.swift */,
			);
			path = motivationTests;
			sourceTree = "<group>";
		};
		806D6E112A49B0D500822A2C /* motivationUITests */ = {
			isa = PBXGroup;
			children = (
				806D6E122A49B0D500822A2C /* motivationUITests.swift */,
				806D6E142A49B0D500822A2C /* motivationUITestsLaunchTests.swift */,
			);
			path = motivationUITests;
			sourceTree = "<group>";
		};
		80A8B5692A542152008B9FD0 /* Net */ = {
			isa = PBXGroup;
			children = (
				80A8B56A2A542152008B9FD0 /* AppProxyProvider.swift */,
				80A8B56C2A542152008B9FD0 /* Info.plist */,
				80A8B56D2A542152008B9FD0 /* Net.entitlements */,
			);
			path = Net;
			sourceTree = "<group>";
		};
		D1F618D0E5D21CD04A60F2F4 /* Pods */ = {
			isa = PBXGroup;
			children = (
				9CB6DBF3044E7A23C889116B /* Pods-motivation.debug.xcconfig */,
				B026E816B591FD6DF7668196 /* Pods-motivation.release.xcconfig */,
				8653EC2ADD1D8D4DF2F39321 /* Pods-motivation-motivationUITests.debug.xcconfig */,
				FF8A272C34167A316CD2FDE2 /* Pods-motivation-motivationUITests.release.xcconfig */,
				8BDE815CAC19702349AD292D /* Pods-motivationTests.debug.xcconfig */,
				EA9D7FD706B965E66C23A09F /* Pods-motivationTests.release.xcconfig */,
			);
			path = Pods;
			sourceTree = "<group>";
		};
		D651A1FAE21BFBDC198A8F6C /* Frameworks */ = {
			isa = PBXGroup;
			children = (
				C8ACA3E4D242259D043884E6 /* Pods_motivation.framework */,
				93743B22C2EE7605A6F3685E /* Pods_motivation_motivationUITests.framework */,
				A319882288209AF6CEA6F8CA /* Pods_motivationTests.framework */,
				80A8B5672A542152008B9FD0 /* NetworkExtension.framework */,
			);
			name = Frameworks;
			sourceTree = "<group>";
		};
/* End PBXGroup section */

/* Begin PBXNativeTarget section */
		806D6DF32A49B0D300822A2C /* motivation */ = {
			isa = PBXNativeTarget;
			buildConfigurationList = 806D6E182A49B0D500822A2C /* Build configuration list for PBXNativeTarget "motivation" */;
			buildPhases = (
				DD7CFFA3C7525B2C578234D5 /* [CP] Check Pods Manifest.lock */,
				806D6DF02A49B0D300822A2C /* Sources */,
				806D6DF12A49B0D300822A2C /* Frameworks */,
				806D6DF22A49B0D300822A2C /* Resources */,
				422F20B6B6FB991F2B642995 /* [CP] Embed Pods Frameworks */,
				80A8B5712A542152008B9FD0 /* Embed Foundation Extensions */,
			);
			buildRules = (
			);
			dependencies = (
			);
			name = motivation;
			packageProductDependencies = (
				802C64B42A56C62E00655E0F /* ActionButton */,
			);
			productName = motivation;
			productReference = 806D6DF42A49B0D300822A2C /* motivation.app */;
			productType = "com.apple.product-type.application";
		};
		806D6E032A49B0D500822A2C /* motivationTests */ = {
			isa = PBXNativeTarget;
			buildConfigurationList = 806D6E1B2A49B0D500822A2C /* Build configuration list for PBXNativeTarget "motivationTests" */;
			buildPhases = (
				28D7E432C7E71EFD09C7E7A9 /* [CP] Check Pods Manifest.lock */,
				806D6E002A49B0D500822A2C /* Sources */,
				806D6E012A49B0D500822A2C /* Frameworks */,
				806D6E022A49B0D500822A2C /* Resources */,
			);
			buildRules = (
			);
			dependencies = (
				806D6E062A49B0D500822A2C /* PBXTargetDependency */,
			);
			name = motivationTests;
			productName = motivationTests;
			productReference = 806D6E042A49B0D500822A2C /* motivationTests.xctest */;
			productType = "com.apple.product-type.bundle.unit-test";
		};
		806D6E0D2A49B0D500822A2C /* motivationUITests */ = {
			isa = PBXNativeTarget;
			buildConfigurationList = 806D6E1E2A49B0D500822A2C /* Build configuration list for PBXNativeTarget "motivationUITests" */;
			buildPhases = (
				FD94F87FBC666A09145F55C4 /* [CP] Check Pods Manifest.lock */,
				806D6E0A2A49B0D500822A2C /* Sources */,
				806D6E0B2A49B0D500822A2C /* Frameworks */,
				806D6E0C2A49B0D500822A2C /* Resources */,
				F79E107F0463C62094CC6516 /* [CP] Embed Pods Frameworks */,
			);
			buildRules = (
			);
			dependencies = (
				806D6E102A49B0D500822A2C /* PBXTargetDependency */,
			);
			name = motivationUITests;
			productName = motivationUITests;
			productReference = 806D6E0E2A49B0D500822A2C /* motivationUITests.xctest */;
			productType = "com.apple.product-type.bundle.ui-testing";
		};
/* End PBXNativeTarget section */

/* Begin PBXProject section */
		806D6DEC2A49B0D300822A2C /* Project object */ = {
			isa = PBXProject;
			attributes = {
				BuildIndependentTargetsInParallel = 1;
				LastSwiftUpdateCheck = 1420;
				LastUpgradeCheck = 1420;
				TargetAttributes = {
					806D6DF32A49B0D300822A2C = {
						CreatedOnToolsVersion = 14.2;
					};
					806D6E032A49B0D500822A2C = {
						CreatedOnToolsVersion = 14.2;
						TestTargetID = 806D6DF32A49B0D300822A2C;
					};
					806D6E0D2A49B0D500822A2C = {
						CreatedOnToolsVersion = 14.2;
						TestTargetID = 806D6DF32A49B0D300822A2C;
					};
				};
			};
			buildConfigurationList = 806D6DEF2A49B0D300822A2C /* Build configuration list for PBXProject "motivation" */;
			compatibilityVersion = "Xcode 14.0";
			developmentRegion = en;
			hasScannedForEncodings = 0;
			knownRegions = (
				en,
				Base,
			);
			mainGroup = 806D6DEB2A49B0D300822A2C;
			packageReferences = (
				802C64B32A56C62E00655E0F /* XCRemoteSwiftPackageReference "action-button" */,
			);
			productRefGroup = 806D6DF52A49B0D300822A2C /* Products */;
			projectDirPath = "";
			projectRoot = "";
			targets = (
				806D6DF32A49B0D300822A2C /* motivation */,
				806D6E032A49B0D500822A2C /* motivationTests */,
				806D6E0D2A49B0D500822A2C /* motivationUITests */,
			);
		};
/* End PBXProject section */

/* Begin PBXResourcesBuildPhase section */
		806D6DF22A49B0D300822A2C /* Resources */ = {
			isa = PBXResourcesBuildPhase;
			buildActionMask = 2147483647;
			files = (
				806D6DFF2A49B0D400822A2C /* Preview Assets.xcassets in Resources */,
				806D6DFC2A49B0D400822A2C /* Assets.xcassets in Resources */,
			);
			runOnlyForDeploymentPostprocessing = 0;
		};
		806D6E022A49B0D500822A2C /* Resources */ = {
			isa = PBXResourcesBuildPhase;
			buildActionMask = 2147483647;
			files = (
			);
			runOnlyForDeploymentPostprocessing = 0;
		};
		806D6E0C2A49B0D500822A2C /* Resources */ = {
			isa = PBXResourcesBuildPhase;
			buildActionMask = 2147483647;
			files = (
			);
			runOnlyForDeploymentPostprocessing = 0;
		};
/* End PBXResourcesBuildPhase section */

/* Begin PBXShellScriptBuildPhase section */
		28D7E432C7E71EFD09C7E7A9 /* [CP] Check Pods Manifest.lock */ = {
			isa = PBXShellScriptBuildPhase;
			buildActionMask = 2147483647;
			files = (
			);
			inputFileListPaths = (
			);
			inputPaths = (
				"${PODS_PODFILE_DIR_PATH}/Podfile.lock",
				"${PODS_ROOT}/Manifest.lock",
			);
			name = "[CP] Check Pods Manifest.lock";
			outputFileListPaths = (
			);
			outputPaths = (
				"$(DERIVED_FILE_DIR)/Pods-motivationTests-checkManifestLockResult.txt",
			);
			runOnlyForDeploymentPostprocessing = 0;
			shellPath = /bin/sh;
			shellScript = "diff \"${PODS_PODFILE_DIR_PATH}/Podfile.lock\" \"${PODS_ROOT}/Manifest.lock\" > /dev/null\nif [ $? != 0 ] ; then\n    # print error to STDERR\n    echo \"error: The sandbox is not in sync with the Podfile.lock. Run 'pod install' or update your CocoaPods installation.\" >&2\n    exit 1\nfi\n# This output is used by Xcode 'outputs' to avoid re-running this script phase.\necho \"SUCCESS\" > \"${SCRIPT_OUTPUT_FILE_0}\"\n";
			showEnvVarsInLog = 0;
		};
		422F20B6B6FB991F2B642995 /* [CP] Embed Pods Frameworks */ = {
			isa = PBXShellScriptBuildPhase;
			buildActionMask = 2147483647;
			files = (
			);
			inputFileListPaths = (
				"${PODS_ROOT}/Target Support Files/Pods-motivation/Pods-motivation-frameworks-${CONFIGURATION}-input-files.xcfilelist",
			);
			name = "[CP] Embed Pods Frameworks";
			outputFileListPaths = (
				"${PODS_ROOT}/Target Support Files/Pods-motivation/Pods-motivation-frameworks-${CONFIGURATION}-output-files.xcfilelist",
			);
			runOnlyForDeploymentPostprocessing = 0;
			shellPath = /bin/sh;
			shellScript = "\"${PODS_ROOT}/Target Support Files/Pods-motivation/Pods-motivation-frameworks.sh\"\n";
			showEnvVarsInLog = 0;
		};
		DD7CFFA3C7525B2C578234D5 /* [CP] Check Pods Manifest.lock */ = {
			isa = PBXShellScriptBuildPhase;
			buildActionMask = 2147483647;
			files = (
			);
			inputFileListPaths = (
			);
			inputPaths = (
				"${PODS_PODFILE_DIR_PATH}/Podfile.lock",
				"${PODS_ROOT}/Manifest.lock",
			);
			name = "[CP] Check Pods Manifest.lock";
			outputFileListPaths = (
			);
			outputPaths = (
				"$(DERIVED_FILE_DIR)/Pods-motivation-checkManifestLockResult.txt",
			);
			runOnlyForDeploymentPostprocessing = 0;
			shellPath = /bin/sh;
			shellScript = "diff \"${PODS_PODFILE_DIR_PATH}/Podfile.lock\" \"${PODS_ROOT}/Manifest.lock\" > /dev/null\nif [ $? != 0 ] ; then\n    # print error to STDERR\n    echo \"error: The sandbox is not in sync with the Podfile.lock. Run 'pod install' or update your CocoaPods installation.\" >&2\n    exit 1\nfi\n# This output is used by Xcode 'outputs' to avoid re-running this script phase.\necho \"SUCCESS\" > \"${SCRIPT_OUTPUT_FILE_0}\"\n";
			showEnvVarsInLog = 0;
		};
		F79E107F0463C62094CC6516 /* [CP] Embed Pods Frameworks */ = {
			isa = PBXShellScriptBuildPhase;
			buildActionMask = 2147483647;
			files = (
			);
			inputFileListPaths = (
				"${PODS_ROOT}/Target Support Files/Pods-motivation-motivationUITests/Pods-motivation-motivationUITests-frameworks-${CONFIGURATION}-input-files.xcfilelist",
			);
			name = "[CP] Embed Pods Frameworks";
			outputFileListPaths = (
				"${PODS_ROOT}/Target Support Files/Pods-motivation-motivationUITests/Pods-motivation-motivationUITests-frameworks-${CONFIGURATION}-output-files.xcfilelist",
			);
			runOnlyForDeploymentPostprocessing = 0;
			shellPath = /bin/sh;
			shellScript = "\"${PODS_ROOT}/Target Support Files/Pods-motivation-motivationUITests/Pods-motivation-motivationUITests-frameworks.sh\"\n";
			showEnvVarsInLog = 0;
		};
		FD94F87FBC666A09145F55C4 /* [CP] Check Pods Manifest.lock */ = {
			isa = PBXShellScriptBuildPhase;
			buildActionMask = 2147483647;
			files = (
			);
			inputFileListPaths = (
			);
			inputPaths = (
				"${PODS_PODFILE_DIR_PATH}/Podfile.lock",
				"${PODS_ROOT}/Manifest.lock",
			);
			name = "[CP] Check Pods Manifest.lock";
			outputFileListPaths = (
			);
			outputPaths = (
				"$(DERIVED_FILE_DIR)/Pods-motivation-motivationUITests-checkManifestLockResult.txt",
			);
			runOnlyForDeploymentPostprocessing = 0;
			shellPath = /bin/sh;
			shellScript = "diff \"${PODS_PODFILE_DIR_PATH}/Podfile.lock\" \"${PODS_ROOT}/Manifest.lock\" > /dev/null\nif [ $? != 0 ] ; then\n    # print error to STDERR\n    echo \"error: The sandbox is not in sync with the Podfile.lock. Run 'pod install' or update your CocoaPods installation.\" >&2\n    exit 1\nfi\n# This output is used by Xcode 'outputs' to avoid re-running this script phase.\necho \"SUCCESS\" > \"${SCRIPT_OUTPUT_FILE_0}\"\n";
			showEnvVarsInLog = 0;
		};
/* End PBXShellScriptBuildPhase section */

/* Begin PBXSourcesBuildPhase section */
		806D6DF02A49B0D300822A2C /* Sources */ = {
			isa = PBXSourcesBuildPhase;
			buildActionMask = 2147483647;
			files = (
				8009188A2A4C8D4A00E500F3 /* LoginView.swift in Sources */,
				806D6DFA2A49B0D300822A2C /* ContentView.swift in Sources */,
				8009188F2A4C93B400E500F3 /* Toast.swift in Sources */,
				806D6DF82A49B0D300822A2C /* motivationApp.swift in Sources */,
				8009188C2A4C8F8800E500F3 /* AuthFunctions.swift in Sources */,
				1DF844B893E7FFF6820F1D76 /* RegisterView.swift in Sources */,
				1DF847D34A24B5684AAA29BB /* ApiRoutes.swift in Sources */,
				1DF8478F3B13ED6A43B6D94C /* ProfileView.swift in Sources */,
				1DF8480567CB862727D7B516 /* BestQuotesView.swift in Sources */,
				1DF8498D1FF02CE009968957 /* MyFavoriteQuotesView.swift in Sources */,
				1DF8482B3FA585A64FABE63F /* MyFavoriteStoriesView.swift in Sources */,
				1DF84CE214C9B292ACE07A89 /* Quote.swift in Sources */,
				1DF8492ADCD71836A582520B /* ApiClient.swift in Sources */,
				1DF84A6CF5D8ECE834015812 /* CustomTextField.swift in Sources */,
				1DF84F3AFD58AE0C7E8F452A /* FavoriteQuotesStore.swift in Sources */,
				1DF8475A7364F09912A50B67 /* BottomSheetView.swift in Sources */,
				1DF846938FCC7277A00DE7A1 /* Goal.swift in Sources */,
				1DF8440D9B69D234B907431F /* GoalsView.swift in Sources */,
				1DF84B68D42CD357A999BEC5 /* GoalsStore.swift in Sources */,
				1DF8435D81666F48C43C1934 /* AddGoalView.swift in Sources */,
			);
			runOnlyForDeploymentPostprocessing = 0;
		};
		806D6E002A49B0D500822A2C /* Sources */ = {
			isa = PBXSourcesBuildPhase;
			buildActionMask = 2147483647;
			files = (
				806D6E092A49B0D500822A2C /* motivationTests.swift in Sources */,
			);
			runOnlyForDeploymentPostprocessing = 0;
		};
		806D6E0A2A49B0D500822A2C /* Sources */ = {
			isa = PBXSourcesBuildPhase;
			buildActionMask = 2147483647;
			files = (
				806D6E152A49B0D500822A2C /* motivationUITestsLaunchTests.swift in Sources */,
				806D6E132A49B0D500822A2C /* motivationUITests.swift in Sources */,
			);
			runOnlyForDeploymentPostprocessing = 0;
		};
/* End PBXSourcesBuildPhase section */

/* Begin PBXTargetDependency section */
		806D6E062A49B0D500822A2C /* PBXTargetDependency */ = {
			isa = PBXTargetDependency;
			target = 806D6DF32A49B0D300822A2C /* motivation */;
			targetProxy = 806D6E052A49B0D500822A2C /* PBXContainerItemProxy */;
		};
		806D6E102A49B0D500822A2C /* PBXTargetDependency */ = {
			isa = PBXTargetDependency;
			target = 806D6DF32A49B0D300822A2C /* motivation */;
			targetProxy = 806D6E0F2A49B0D500822A2C /* PBXContainerItemProxy */;
		};
/* End PBXTargetDependency section */

/* Begin XCBuildConfiguration section */
		806D6E162A49B0D500822A2C /* Debug */ = {
			isa = XCBuildConfiguration;
			buildSettings = {
				ALWAYS_SEARCH_USER_PATHS = NO;
				CLANG_ANALYZER_NONNULL = YES;
				CLANG_ANALYZER_NUMBER_OBJECT_CONVERSION = YES_AGGRESSIVE;
				CLANG_CXX_LANGUAGE_STANDARD = "gnu++20";
				CLANG_ENABLE_MODULES = YES;
				CLANG_ENABLE_OBJC_ARC = YES;
				CLANG_ENABLE_OBJC_WEAK = YES;
				CLANG_WARN_BLOCK_CAPTURE_AUTORELEASING = YES;
				CLANG_WARN_BOOL_CONVERSION = YES;
				CLANG_WARN_COMMA = YES;
				CLANG_WARN_CONSTANT_CONVERSION = YES;
				CLANG_WARN_DEPRECATED_OBJC_IMPLEMENTATIONS = YES;
				CLANG_WARN_DIRECT_OBJC_ISA_USAGE = YES_ERROR;
				CLANG_WARN_DOCUMENTATION_COMMENTS = YES;
				CLANG_WARN_EMPTY_BODY = YES;
				CLANG_WARN_ENUM_CONVERSION = YES;
				CLANG_WARN_INFINITE_RECURSION = YES;
				CLANG_WARN_INT_CONVERSION = YES;
				CLANG_WARN_NON_LITERAL_NULL_CONVERSION = YES;
				CLANG_WARN_OBJC_IMPLICIT_RETAIN_SELF = YES;
				CLANG_WARN_OBJC_LITERAL_CONVERSION = YES;
				CLANG_WARN_OBJC_ROOT_CLASS = YES_ERROR;
				CLANG_WARN_QUOTED_INCLUDE_IN_FRAMEWORK_HEADER = YES;
				CLANG_WARN_RANGE_LOOP_ANALYSIS = YES;
				CLANG_WARN_STRICT_PROTOTYPES = YES;
				CLANG_WARN_SUSPICIOUS_MOVE = YES;
				CLANG_WARN_UNGUARDED_AVAILABILITY = YES_AGGRESSIVE;
				CLANG_WARN_UNREACHABLE_CODE = YES;
				CLANG_WARN__DUPLICATE_METHOD_MATCH = YES;
				COPY_PHASE_STRIP = NO;
				DEBUG_INFORMATION_FORMAT = dwarf;
				ENABLE_STRICT_OBJC_MSGSEND = YES;
				ENABLE_TESTABILITY = YES;
				GCC_C_LANGUAGE_STANDARD = gnu11;
				GCC_DYNAMIC_NO_PIC = NO;
				GCC_NO_COMMON_BLOCKS = YES;
				GCC_OPTIMIZATION_LEVEL = 0;
				GCC_PREPROCESSOR_DEFINITIONS = (
					"DEBUG=1",
					"$(inherited)",
				);
				GCC_WARN_64_TO_32_BIT_CONVERSION = YES;
				GCC_WARN_ABOUT_RETURN_TYPE = YES_ERROR;
				GCC_WARN_UNDECLARED_SELECTOR = YES;
				GCC_WARN_UNINITIALIZED_AUTOS = YES_AGGRESSIVE;
				GCC_WARN_UNUSED_FUNCTION = YES;
				GCC_WARN_UNUSED_VARIABLE = YES;
				IPHONEOS_DEPLOYMENT_TARGET = 16.2;
				MTL_ENABLE_DEBUG_INFO = INCLUDE_SOURCE;
				MTL_FAST_MATH = YES;
				ONLY_ACTIVE_ARCH = YES;
				SDKROOT = iphoneos;
				SWIFT_ACTIVE_COMPILATION_CONDITIONS = DEBUG;
				SWIFT_OPTIMIZATION_LEVEL = "-Onone";
			};
			name = Debug;
		};
		806D6E172A49B0D500822A2C /* Release */ = {
			isa = XCBuildConfiguration;
			buildSettings = {
				ALWAYS_SEARCH_USER_PATHS = NO;
				CLANG_ANALYZER_NONNULL = YES;
				CLANG_ANALYZER_NUMBER_OBJECT_CONVERSION = YES_AGGRESSIVE;
				CLANG_CXX_LANGUAGE_STANDARD = "gnu++20";
				CLANG_ENABLE_MODULES = YES;
				CLANG_ENABLE_OBJC_ARC = YES;
				CLANG_ENABLE_OBJC_WEAK = YES;
				CLANG_WARN_BLOCK_CAPTURE_AUTORELEASING = YES;
				CLANG_WARN_BOOL_CONVERSION = YES;
				CLANG_WARN_COMMA = YES;
				CLANG_WARN_CONSTANT_CONVERSION = YES;
				CLANG_WARN_DEPRECATED_OBJC_IMPLEMENTATIONS = YES;
				CLANG_WARN_DIRECT_OBJC_ISA_USAGE = YES_ERROR;
				CLANG_WARN_DOCUMENTATION_COMMENTS = YES;
				CLANG_WARN_EMPTY_BODY = YES;
				CLANG_WARN_ENUM_CONVERSION = YES;
				CLANG_WARN_INFINITE_RECURSION = YES;
				CLANG_WARN_INT_CONVERSION = YES;
				CLANG_WARN_NON_LITERAL_NULL_CONVERSION = YES;
				CLANG_WARN_OBJC_IMPLICIT_RETAIN_SELF = YES;
				CLANG_WARN_OBJC_LITERAL_CONVERSION = YES;
				CLANG_WARN_OBJC_ROOT_CLASS = YES_ERROR;
				CLANG_WARN_QUOTED_INCLUDE_IN_FRAMEWORK_HEADER = YES;
				CLANG_WARN_RANGE_LOOP_ANALYSIS = YES;
				CLANG_WARN_STRICT_PROTOTYPES = YES;
				CLANG_WARN_SUSPICIOUS_MOVE = YES;
				CLANG_WARN_UNGUARDED_AVAILABILITY = YES_AGGRESSIVE;
				CLANG_WARN_UNREACHABLE_CODE = YES;
				CLANG_WARN__DUPLICATE_METHOD_MATCH = YES;
				COPY_PHASE_STRIP = NO;
				DEBUG_INFORMATION_FORMAT = "dwarf-with-dsym";
				ENABLE_NS_ASSERTIONS = NO;
				ENABLE_STRICT_OBJC_MSGSEND = YES;
				GCC_C_LANGUAGE_STANDARD = gnu11;
				GCC_NO_COMMON_BLOCKS = YES;
				GCC_WARN_64_TO_32_BIT_CONVERSION = YES;
				GCC_WARN_ABOUT_RETURN_TYPE = YES_ERROR;
				GCC_WARN_UNDECLARED_SELECTOR = YES;
				GCC_WARN_UNINITIALIZED_AUTOS = YES_AGGRESSIVE;
				GCC_WARN_UNUSED_FUNCTION = YES;
				GCC_WARN_UNUSED_VARIABLE = YES;
				IPHONEOS_DEPLOYMENT_TARGET = 16.2;
				MTL_ENABLE_DEBUG_INFO = NO;
				MTL_FAST_MATH = YES;
				SDKROOT = iphoneos;
				SWIFT_COMPILATION_MODE = wholemodule;
				SWIFT_OPTIMIZATION_LEVEL = "-O";
				VALIDATE_PRODUCT = YES;
			};
			name = Release;
		};
		806D6E192A49B0D500822A2C /* Debug */ = {
			isa = XCBuildConfiguration;
			baseConfigurationReference = 9CB6DBF3044E7A23C889116B /* Pods-motivation.debug.xcconfig */;
			buildSettings = {
				ALWAYS_EMBED_SWIFT_STANDARD_LIBRARIES = NO;
				ASSETCATALOG_COMPILER_APPICON_NAME = AppIcon;
				ASSETCATALOG_COMPILER_GLOBAL_ACCENT_COLOR_NAME = AccentColor;
				CODE_SIGN_STYLE = Automatic;
				CURRENT_PROJECT_VERSION = 1;
				DEVELOPMENT_ASSET_PATHS = "\"motivation/Preview Content\"";
				ENABLE_PREVIEWS = YES;
				GENERATE_INFOPLIST_FILE = YES;
				INFOPLIST_FILE = motivation/Info.plist;
				INFOPLIST_KEY_UIApplicationSupportsIndirectInputEvents = YES;
				INFOPLIST_KEY_UILaunchScreen_Generation = YES;
				INFOPLIST_KEY_UISupportedInterfaceOrientations_iPad = "UIInterfaceOrientationPortrait UIInterfaceOrientationPortraitUpsideDown UIInterfaceOrientationLandscapeLeft UIInterfaceOrientationLandscapeRight";
				INFOPLIST_KEY_UISupportedInterfaceOrientations_iPhone = "UIInterfaceOrientationPortrait UIInterfaceOrientationLandscapeLeft UIInterfaceOrientationLandscapeRight";
				LD_RUNPATH_SEARCH_PATHS = (
					"$(inherited)",
					"@executable_path/Frameworks",
				);
				MARKETING_VERSION = 1.0;
				PRODUCT_BUNDLE_IDENTIFIER = "motive-corp.motivation";
				PRODUCT_NAME = "$(TARGET_NAME)";
				SWIFT_EMIT_LOC_STRINGS = YES;
				SWIFT_VERSION = 5.0;
				TARGETED_DEVICE_FAMILY = "1,2";
			};
			name = Debug;
		};
		806D6E1A2A49B0D500822A2C /* Release */ = {
			isa = XCBuildConfiguration;
			baseConfigurationReference = B026E816B591FD6DF7668196 /* Pods-motivation.release.xcconfig */;
			buildSettings = {
				ALWAYS_EMBED_SWIFT_STANDARD_LIBRARIES = NO;
				ASSETCATALOG_COMPILER_APPICON_NAME = AppIcon;
				ASSETCATALOG_COMPILER_GLOBAL_ACCENT_COLOR_NAME = AccentColor;
				CODE_SIGN_STYLE = Automatic;
				CURRENT_PROJECT_VERSION = 1;
				DEVELOPMENT_ASSET_PATHS = "\"motivation/Preview Content\"";
				ENABLE_PREVIEWS = YES;
				GENERATE_INFOPLIST_FILE = YES;
				INFOPLIST_FILE = motivation/Info.plist;
				INFOPLIST_KEY_UIApplicationSupportsIndirectInputEvents = YES;
				INFOPLIST_KEY_UILaunchScreen_Generation = YES;
				INFOPLIST_KEY_UISupportedInterfaceOrientations_iPad = "UIInterfaceOrientationPortrait UIInterfaceOrientationPortraitUpsideDown UIInterfaceOrientationLandscapeLeft UIInterfaceOrientationLandscapeRight";
				INFOPLIST_KEY_UISupportedInterfaceOrientations_iPhone = "UIInterfaceOrientationPortrait UIInterfaceOrientationLandscapeLeft UIInterfaceOrientationLandscapeRight";
				LD_RUNPATH_SEARCH_PATHS = (
					"$(inherited)",
					"@executable_path/Frameworks",
				);
				MARKETING_VERSION = 1.0;
				PRODUCT_BUNDLE_IDENTIFIER = "motive-corp.motivation";
				PRODUCT_NAME = "$(TARGET_NAME)";
				SWIFT_EMIT_LOC_STRINGS = YES;
				SWIFT_VERSION = 5.0;
				TARGETED_DEVICE_FAMILY = "1,2";
			};
			name = Release;
		};
		806D6E1C2A49B0D500822A2C /* Debug */ = {
			isa = XCBuildConfiguration;
			baseConfigurationReference = 8BDE815CAC19702349AD292D /* Pods-motivationTests.debug.xcconfig */;
			buildSettings = {
				ALWAYS_EMBED_SWIFT_STANDARD_LIBRARIES = NO;
				BUNDLE_LOADER = "$(TEST_HOST)";
				CODE_SIGN_STYLE = Automatic;
				CURRENT_PROJECT_VERSION = 1;
				GENERATE_INFOPLIST_FILE = YES;
				IPHONEOS_DEPLOYMENT_TARGET = 16.2;
				MARKETING_VERSION = 1.0;
				PRODUCT_BUNDLE_IDENTIFIER = "motive-corp.motivationTests";
				PRODUCT_NAME = "$(TARGET_NAME)";
				SWIFT_EMIT_LOC_STRINGS = NO;
				SWIFT_VERSION = 5.0;
				TARGETED_DEVICE_FAMILY = "1,2";
				TEST_HOST = "$(BUILT_PRODUCTS_DIR)/motivation.app/$(BUNDLE_EXECUTABLE_FOLDER_PATH)/motivation";
			};
			name = Debug;
		};
		806D6E1D2A49B0D500822A2C /* Release */ = {
			isa = XCBuildConfiguration;
			baseConfigurationReference = EA9D7FD706B965E66C23A09F /* Pods-motivationTests.release.xcconfig */;
			buildSettings = {
				ALWAYS_EMBED_SWIFT_STANDARD_LIBRARIES = NO;
				BUNDLE_LOADER = "$(TEST_HOST)";
				CODE_SIGN_STYLE = Automatic;
				CURRENT_PROJECT_VERSION = 1;
				GENERATE_INFOPLIST_FILE = YES;
				IPHONEOS_DEPLOYMENT_TARGET = 16.2;
				MARKETING_VERSION = 1.0;
				PRODUCT_BUNDLE_IDENTIFIER = "motive-corp.motivationTests";
				PRODUCT_NAME = "$(TARGET_NAME)";
				SWIFT_EMIT_LOC_STRINGS = NO;
				SWIFT_VERSION = 5.0;
				TARGETED_DEVICE_FAMILY = "1,2";
				TEST_HOST = "$(BUILT_PRODUCTS_DIR)/motivation.app/$(BUNDLE_EXECUTABLE_FOLDER_PATH)/motivation";
			};
			name = Release;
		};
		806D6E1F2A49B0D500822A2C /* Debug */ = {
			isa = XCBuildConfiguration;
			baseConfigurationReference = 8653EC2ADD1D8D4DF2F39321 /* Pods-motivation-motivationUITests.debug.xcconfig */;
			buildSettings = {
				ALWAYS_EMBED_SWIFT_STANDARD_LIBRARIES = NO;
				CODE_SIGN_STYLE = Automatic;
				CURRENT_PROJECT_VERSION = 1;
				GENERATE_INFOPLIST_FILE = YES;
				MARKETING_VERSION = 1.0;
				PRODUCT_BUNDLE_IDENTIFIER = "motive-corp.motivationUITests";
				PRODUCT_NAME = "$(TARGET_NAME)";
				SWIFT_EMIT_LOC_STRINGS = NO;
				SWIFT_VERSION = 5.0;
				TARGETED_DEVICE_FAMILY = "1,2";
				TEST_TARGET_NAME = motivation;
			};
			name = Debug;
		};
		806D6E202A49B0D500822A2C /* Release */ = {
			isa = XCBuildConfiguration;
			baseConfigurationReference = FF8A272C34167A316CD2FDE2 /* Pods-motivation-motivationUITests.release.xcconfig */;
			buildSettings = {
				ALWAYS_EMBED_SWIFT_STANDARD_LIBRARIES = NO;
				CODE_SIGN_STYLE = Automatic;
				CURRENT_PROJECT_VERSION = 1;
				GENERATE_INFOPLIST_FILE = YES;
				MARKETING_VERSION = 1.0;
				PRODUCT_BUNDLE_IDENTIFIER = "motive-corp.motivationUITests";
				PRODUCT_NAME = "$(TARGET_NAME)";
				SWIFT_EMIT_LOC_STRINGS = NO;
				SWIFT_VERSION = 5.0;
				TARGETED_DEVICE_FAMILY = "1,2";
				TEST_TARGET_NAME = motivation;
			};
			name = Release;
		};
/* End XCBuildConfiguration section */

/* Begin XCConfigurationList section */
		806D6DEF2A49B0D300822A2C /* Build configuration list for PBXProject "motivation" */ = {
			isa = XCConfigurationList;
			buildConfigurations = (
				806D6E162A49B0D500822A2C /* Debug */,
				806D6E172A49B0D500822A2C /* Release */,
			);
			defaultConfigurationIsVisible = 0;
			defaultConfigurationName = Release;
		};
		806D6E182A49B0D500822A2C /* Build configuration list for PBXNativeTarget "motivation" */ = {
			isa = XCConfigurationList;
			buildConfigurations = (
				806D6E192A49B0D500822A2C /* Debug */,
				806D6E1A2A49B0D500822A2C /* Release */,
			);
			defaultConfigurationIsVisible = 0;
			defaultConfigurationName = Release;
		};
		806D6E1B2A49B0D500822A2C /* Build configuration list for PBXNativeTarget "motivationTests" */ = {
			isa = XCConfigurationList;
			buildConfigurations = (
				806D6E1C2A49B0D500822A2C /* Debug */,
				806D6E1D2A49B0D500822A2C /* Release */,
			);
			defaultConfigurationIsVisible = 0;
			defaultConfigurationName = Release;
		};
		806D6E1E2A49B0D500822A2C /* Build configuration list for PBXNativeTarget "motivationUITests" */ = {
			isa = XCConfigurationList;
			buildConfigurations = (
				806D6E1F2A49B0D500822A2C /* Debug */,
				806D6E202A49B0D500822A2C /* Release */,
			);
			defaultConfigurationIsVisible = 0;
			defaultConfigurationName = Release;
		};
/* End XCConfigurationList section */

/* Begin XCRemoteSwiftPackageReference section */
		802C64B32A56C62E00655E0F /* XCRemoteSwiftPackageReference "action-button" */ = {
			isa = XCRemoteSwiftPackageReference;
			repositoryURL = "https://github.com/swiftui-library/action-button";
			requirement = {
				kind = upToNextMajorVersion;
				minimumVersion = 1.0.0;
			};
		};
/* End XCRemoteSwiftPackageReference section */

/* Begin XCSwiftPackageProductDependency section */
		802C64B42A56C62E00655E0F /* ActionButton */ = {
			isa = XCSwiftPackageProductDependency;
			package = 802C64B32A56C62E00655E0F /* XCRemoteSwiftPackageReference "action-button" */;
			productName = ActionButton;
		};
/* End XCSwiftPackageProductDependency section */
	};
	rootObject = 806D6DEC2A49B0D300822A2C /* Project object */;
}
